
Microsoft Visual Studio Solution File, Format Version 12.00
# Visual Studio Version 16
VisualStudioVersion = 16.0.29911.84
MinimumVisualStudioVersion = 10.0.40219.1
Project("{FAE04EC0-301F-11D3-BF4B-00C04F79EFBC}") = "OT2.3", "OT2.3\OT2.3.csproj", "{BBDA3519-658A-444C-8B32-E6D764A47E9A}"
EndProject
Global
	GlobalSection(SolutionConfigurationPlatforms) = preSolution
		Debug|Any CPU = Debug|Any CPU
		Release|Any CPU = Release|Any CPU
	EndGlobalSection
	GlobalSection(ProjectConfigurationPlatforms) = postSolution
		{BBDA3519-658A-444C-8B32-E6D764A47E9A}.Debug|Any CPU.ActiveCfg = Debug|Any CPU
		{BBDA3519-658A-444C-8B32-E6D764A47E9A}.Debug|Any CPU.Build.0 = Debug|Any CPU
		{BBDA3519-658A-444C-8B32-E6D764A47E9A}.Release|Any CPU.ActiveCfg = Release|Any CPU
		{BBDA3519-658A-444C-8B32-E6D764A47E9A}.Release|Any CPU.Build.0 = Release|Any CPU
	EndGlobalSection
	GlobalSection(SolutionProperties) = preSolution
		HideSolutionNode = FALSE
	EndGlobalSection
	GlobalSection(ExtensibilityGlobals) = postSolution
		SolutionGuid = {64A935B6-7661-48C8-AB39-BF17EBFD95DF}
	EndGlobalSection
EndGlobal
